
Microsoft Visual Studio Solution File, Format Version 12.00
# Visual Studio Version 17
VisualStudioVersion = 17.7.34031.279
MinimumVisualStudioVersion = 10.0.40219.1
Project("{FAE04EC0-301F-11D3-BF4B-00C04F79EFBC}") = "EasyBooking", "EasyBooking\EasyBooking.csproj", "{55A43F08-DA2F-456C-8942-9E6D5B8D22D0}"
EndProject
Global
	GlobalSection(SolutionConfigurationPlatforms) = preSolution
		Debug|Any CPU = Debug|Any CPU
		Release|Any CPU = Release|Any CPU
	EndGlobalSection
	GlobalSection(ProjectConfigurationPlatforms) = postSolution
		{55A43F08-DA2F-456C-8942-9E6D5B8D22D0}.Debug|Any CPU.ActiveCfg = Debug|Any CPU
		{55A43F08-DA2F-456C-8942-9E6D5B8D22D0}.Debug|Any CPU.Build.0 = Debug|Any CPU
		{55A43F08-DA2F-456C-8942-9E6D5B8D22D0}.Release|Any CPU.ActiveCfg = Release|Any CPU
		{55A43F08-DA2F-456C-8942-9E6D5B8D22D0}.Release|Any CPU.Build.0 = Release|Any CPU
	EndGlobalSection
	GlobalSection(SolutionProperties) = preSolution
		HideSolutionNode = FALSE
	EndGlobalSection
	GlobalSection(ExtensibilityGlobals) = postSolution
		SolutionGuid = {91852782-859F-4684-82CB-F0FC628C952E}
	EndGlobalSection
EndGlobal
